PATH
  remote: vendor/gems/discourse_plugin
  specs:
    discourse_plugin (0.0.1)

PATH
  remote: vendor/gems/rails_multisite
  specs:
    rails_multisite (0.0.1)

GEM
  remote: https://rubygems.org/
  specs:
    actionmailer
    actionpack
    actionpack-action_caching
    activemodel
    active_model_serializers
    activerecord
    activerecord-deprecated_finders
    activesupport
    addressable
    airbrake
    annotate
    arel
    atomic
    barber
    better_errors
    binding_of_caller
    builder
    celluloid
    certified
    coderay
    connection_pool
    daemons
    debug_inspector
    diff-lcs
    email_reply_parser-discourse
    ember-data-source
    ember-rails
    ember-source
    erubis
    eventmachine
    excon
    execjs
    exifr
    fabrication
    fakeweb
    faraday
    fast_blank
    fastimage
    fast_stack
    fast_xor
    fast_xs
    ffi
    flamegraph
    fog
    formatador
    fspath
    given_core
    guess_html_encoding
    handlebars-source
    hashie
    highline
    hike
    hiredis
    html_truncator
    httpauth
    i18n
    ice_cube
    image_optim
    image_size
    image_sorcery
    in_threads
    jquery-rails
    json
    jwt
    kgio
    librarian
    libv8
    listen
    lru_redux
    mail
    message_bus
    metaclass
    method_source
    mime-types
    mini_portile
    minitest
    mocha
    mock_redis
    msgpack
    multi_json
    multipart-post
    mustache
    net-scp
    net-ssh
    nokogiri
    oauth
    oauth2
    oj
    omniauth
    omniauth-browserid-discourse
    omniauth-facebook
    omniauth-github
    omniauth-oauth
    omniauth-oauth2
    omniauth-openid
    omniauth-twitter
    openid-redis-store
    pg
    polyglot
    progress
    pry
    pry-nav
    pry-rails
    puma
    qunit-rails
    rack
    rack-cors
    rack-mini-profiler
    rack-openid
    rack-protection
    rack-test
    rails
    rails-observers
    railties
    raindrops
    rake
    rake-compiler
    rb-fsevent
    rb-inotify
    rbtrace
    redcarpet
    redis
    redis-namespace
    ref
    rest-client
    rinku
    rspec
    rspec-core
    rspec-expectations
    rspec-given
    rspec-mocks
    rspec-rails
    ruby-hmac
    ruby-openid
    ruby-readability
    sanitize
    sass
    sass-rails
    seed-fu-discourse
    shoulda
    shoulda-context
    shoulda-matchers
    sidekiq
    sidekiq-failures
    sidetiq
    simplecov
    simplecov-html
    simple-rss
    sinatra
    slim
    slop
    sorcerer
    sprockets
    sprockets-rails
    temple
    therubyracer-discourse
    thin
    thor
    thread_safe
    tilt
    timecop
    timers
    treetop
    trollop
    tzinfo
    uglifier
    unf
    unf_ext
    unicorn


PLATFORMS
  ruby

DEPENDENCIES
  actionpack-action_caching
  active_model_serializers
  airbrake 
  annotate
  barber
  better_errors
  binding_of_caller
  certified
  discourse_plugin!
  email_reply_parser-discourse
  ember-rails
  ember-source  
  eventmachine
  fabrication
  fakeweb 
  fast_blank
  fast_xor
  fast_xs
  fastimage
  flamegraph
  fog (= 1.18.0)
  handlebars-source  
  highline
  hiredis
  html_truncator
  image_optim
  image_sorcery
  librarian  
  listen 
  lru_redux
  message_bus
  minitest
  mocha
  mock_redis
  multi_json
  mustache
  nokogiri
  oj
  omniauth
  omniauth-browserid-discourse
  omniauth-cas
  omniauth-facebook
  omniauth-github
  omniauth-oauth2
  omniauth-openid
  omniauth-twitter
  openid-redis-store
  pg  
  pry-nav
  pry-rails
  puma
  qunit-rails
  rack-cors
  rack-mini-profiler
  rack-protection
  rails
  rails-observers
  rails_multisite!
  rake
  rb-fsevent
  rb-inotify  
  rbtrace
  redcarpet
  redis
  rest-client
  rinku
  rspec-given
  rspec-rails
  ruby-readability
  sanitize
  sass
  sass-rails
  seed-fu-discourse
  shoulda
  sidekiq 
  sidekiq-failures
  simple-rss
  simplecov
  sinatra
  slim
  spork-rails
  therubyracer-discourse
  thin
  timecop
  uglifier
  unf
  unicorn
